
Microsoft Visual Studio Solution File, Format Version 12.00
# Visual Studio 14
VisualStudioVersion = 14.0.25420.1
MinimumVisualStudioVersion = 10.0.40219.1
Project("{FAE04EC0-301F-11D3-BF4B-00C04F79EFBC}") = "App1", "App1\App1.csproj", "{78B9B916-6426-4BCB-BD27-3E53A6E39EC0}"
EndProject
Project("{FAE04EC0-301F-11D3-BF4B-00C04F79EFBC}") = "App2", "App2\App2.csproj", "{E4BC514A-F663-4C1C-80D8-6B3C6FB666F0}"
EndProject
Project("{FAE04EC0-301F-11D3-BF4B-00C04F79EFBC}") = "Classlib", "Classlib\Classlib.csproj", "{5E4CEF66-A5D8-4807-9757-21C69A6D99EF}"
EndProject
Global
	GlobalSection(SolutionConfigurationPlatforms) = preSolution
		Debug|Any CPU = Debug|Any CPU
		Release|Any CPU = Release|Any CPU
	EndGlobalSection
	GlobalSection(ProjectConfigurationPlatforms) = postSolution
		{78B9B916-6426-4BCB-BD27-3E53A6E39EC0}.Debug|Any CPU.ActiveCfg = Debug|Any CPU
		{78B9B916-6426-4BCB-BD27-3E53A6E39EC0}.Debug|Any CPU.Build.0 = Debug|Any CPU
		{78B9B916-6426-4BCB-BD27-3E53A6E39EC0}.Release|Any CPU.ActiveCfg = Release|Any CPU
		{78B9B916-6426-4BCB-BD27-3E53A6E39EC0}.Release|Any CPU.Build.0 = Release|Any CPU
		{E4BC514A-F663-4C1C-80D8-6B3C6FB666F0}.Debug|Any CPU.ActiveCfg = Debug|Any CPU
		{E4BC514A-F663-4C1C-80D8-6B3C6FB666F0}.Debug|Any CPU.Build.0 = Debug|Any CPU
		{E4BC514A-F663-4C1C-80D8-6B3C6FB666F0}.Release|Any CPU.ActiveCfg = Release|Any CPU
		{E4BC514A-F663-4C1C-80D8-6B3C6FB666F0}.Release|Any CPU.Build.0 = Release|Any CPU
		{5E4CEF66-A5D8-4807-9757-21C69A6D99EF}.Debug|Any CPU.ActiveCfg = Debug|Any CPU
		{5E4CEF66-A5D8-4807-9757-21C69A6D99EF}.Debug|Any CPU.Build.0 = Debug|Any CPU
		{5E4CEF66-A5D8-4807-9757-21C69A6D99EF}.Release|Any CPU.ActiveCfg = Release|Any CPU
		{5E4CEF66-A5D8-4807-9757-21C69A6D99EF}.Release|Any CPU.Build.0 = Release|Any CPU
	EndGlobalSection
	GlobalSection(SolutionProperties) = preSolution
		HideSolutionNode = FALSE
	EndGlobalSection
EndGlobal
